
Microsoft Visual Studio Solution File, Format Version 12.00
# Visual Studio Version 17
VisualStudioVersion = 17.0.31903.59
MinimumVisualStudioVersion = 10.0.40219.1
Project("{2150E333-8FDC-42A3-9474-1A3956D46DE8}") = "src", "src", "{E141491A-9FF1-4AE3-834B-6D3B1098C304}"
EndProject
Project("{FAE04EC0-301F-11D3-BF4B-00C04F79EFBC}") = "BidNet", "src\BidNet\BidNet.csproj", "{28856B28-B223-4C35-96BA-54958007FBC6}"
EndProject
Project("{2150E333-8FDC-42A3-9474-1A3956D46DE8}") = "tests", "tests", "{6E18AC41-2293-4FAE-BED7-C7C6E9321EE7}"
EndProject
Project("{FAE04EC0-301F-11D3-BF4B-00C04F79EFBC}") = "Bidnet.Api.Tests", "tests\Bidnet.Api.Tests\Bidnet.Api.Tests.csproj", "{52613AE8-79C3-41A4-BA28-772F5E58B152}"
EndProject
Global
	GlobalSection(SolutionConfigurationPlatforms) = preSolution
		Debug|Any CPU = Debug|Any CPU
		Release|Any CPU = Release|Any CPU
	EndGlobalSection
	GlobalSection(ProjectConfigurationPlatforms) = postSolution
		{28856B28-B223-4C35-96BA-54958007FBC6}.Debug|Any CPU.ActiveCfg = Debug|Any CPU
		{28856B28-B223-4C35-96BA-54958007FBC6}.Debug|Any CPU.Build.0 = Debug|Any CPU
		{28856B28-B223-4C35-96BA-54958007FBC6}.Release|Any CPU.ActiveCfg = Release|Any CPU
		{28856B28-B223-4C35-96BA-54958007FBC6}.Release|Any CPU.Build.0 = Release|Any CPU
		{52613AE8-79C3-41A4-BA28-772F5E58B152}.Debug|Any CPU.ActiveCfg = Debug|Any CPU
		{52613AE8-79C3-41A4-BA28-772F5E58B152}.Debug|Any CPU.Build.0 = Debug|Any CPU
		{52613AE8-79C3-41A4-BA28-772F5E58B152}.Release|Any CPU.ActiveCfg = Release|Any CPU
		{52613AE8-79C3-41A4-BA28-772F5E58B152}.Release|Any CPU.Build.0 = Release|Any CPU
	EndGlobalSection
	GlobalSection(SolutionProperties) = preSolution
		HideSolutionNode = FALSE
	EndGlobalSection
	GlobalSection(NestedProjects) = preSolution
		{28856B28-B223-4C35-96BA-54958007FBC6} = {E141491A-9FF1-4AE3-834B-6D3B1098C304}
		{52613AE8-79C3-41A4-BA28-772F5E58B152} = {6E18AC41-2293-4FAE-BED7-C7C6E9321EE7}
	EndGlobalSection
EndGlobal
